{
  "nodes": {
    "home": {
      "inputs": {
        "nixpkgs": [
          "nixpkgs"
        ]
      },
      "locked": {
        "lastModified": 1612902587,
        "narHash": "sha256-VZ7Z1OMFf5ReObu3CCVBsC2DWloTYDjqW1onUKejVrE=",
        "owner": "nix-community",
        "repo": "home-manager",
        "rev": "209566c752c4428c7692c134731971193f06b37c",
        "type": "github"
      },
      "original": {
        "owner": "nix-community",
        "ref": "release-20.09",
        "repo": "home-manager",
        "type": "github"
      }
    },
    "nixpkgs": {
      "locked": {
        "lastModified": 1616005387,
        "narHash": "sha256-WzADBBE8c6I/GjvOwYK8fYJh0lk5t2aSGEP2v/4Ynic=",
        "owner": "NixOS",
        "repo": "nixpkgs",
        "rev": "12d9950bf47e0ac20d4d04e189448ee075242117",
        "type": "github"
      },
      "original": {
        "owner": "NixOS",
        "ref": "nixos-20.09",
        "repo": "nixpkgs",
        "type": "github"
      }
    },
    "root": {
      "inputs": {
        "home": "home",
        "nixpkgs": "nixpkgs",
        "secrets": "secrets"
      }
    },
    "secrets": {
      "locked": {
        "narHash": "sha256-3YxjprbAl1mZ18xQ/VkQP4C5mZRopBjTEWvVo2O5LSM=",
        "path": "/home/dmitry/src/secrets.nix",
        "type": "path"
      },
      "original": {
        "id": "secrets",
        "type": "indirect"
      }
    }
  },
  "root": "root",
  "version": 7
}
