{
  "nodes": {
    "home-manager": {
      "inputs": {
        "nixpkgs": [
          "nixpkgs"
        ]
      },
      "locked": {
        "lastModified": 1591751635,
        "narHash": "sha256-KgGtyFlkI/fsp+j8VEgJ/ynY9B91aX35Xp04HlDLRTo=",
        "owner": "rycee",
        "repo": "home-manager",
        "rev": "b3fee796fcd5531693d9b84ece76ad6836bb1cfa",
        "type": "github"
      },
      "original": {
        "owner": "rycee",
        "ref": "bqv-flakes",
        "repo": "home-manager",
        "type": "github"
      }
    },
    "nixpkgs": {
      "locked": {
        "lastModified": 1595604841,
        "narHash": "sha256-9bg/cZTjyRvcRd4YkxaZ64otVpVChfhfubnSYJrwD8k=",
        "owner": "NixOS",
        "repo": "nixpkgs",
        "rev": "0a40a3999eb4d577418515da842a2622a64880c5",
        "type": "github"
      },
      "original": {
        "owner": "NixOS",
        "ref": "nixos-20.03",
        "repo": "nixpkgs",
        "type": "github"
      }
    },
    "root": {
      "inputs": {
        "home-manager": "home-manager",
        "nixpkgs": "nixpkgs",
        "secrets": "secrets"
      }
    },
    "secrets": {
      "locked": {
        "narHash": "sha256-0HzaYVsMiji1bi4E6wWf+D3CopKNR4L1ywOmbXWmfIw=",
        "path": "/home/dmitry/src/secrets.nix",
        "type": "path"
      },
      "original": {
        "id": "secrets",
        "type": "indirect"
      }
    }
  },
  "root": "root",
  "version": 7
}
